# THIS IS AN AUTOGENERATED FILE. DO NOT EDIT THIS FILE DIRECTLY.
# yarn lockfile v1


"@ptomasroos/react-native-idfa@^2.1.0":
  version "2.1.0"
  resolved "https://registry.yarnpkg.com/@ptomasroos/react-native-idfa/-/react-native-idfa-2.1.0.tgz#4271a479a4b0035deae301bfb387e06cd571d7f0"

adm-zip@^0.4.7:
  version "0.4.11"
  resolved "https://registry.yarnpkg.com/adm-zip/-/adm-zip-0.4.11.tgz#2aa54c84c4b01a9d0fb89bb11982a51f13e3d62a"

axios@^0.18.0:
  version "0.18.0"
  resolved "https://registry.yarnpkg.com/axios/-/axios-0.18.0.tgz#32d53e4851efdc0a11993b6cd000789d70c05102"
  dependencies:
    follow-redirects "^1.3.0"
    is-buffer "^1.1.5"

base64-js@1.1.2:
  version "1.1.2"
  resolved "https://registry.yarnpkg.com/base64-js/-/base64-js-1.1.2.tgz#d6400cac1c4c660976d90d07a04351d89395f5e8"

base64-js@1.2.0:
  version "1.2.0"
  resolved "https://registry.yarnpkg.com/base64-js/-/base64-js-1.2.0.tgz#a39992d723584811982be5e290bb6a53d86700f1"

big-integer@^1.6.7:
  version "1.6.34"
  resolved "https://registry.yarnpkg.com/big-integer/-/big-integer-1.6.34.tgz#701affc8f0d73c490930a6b482dc23ed6ffc7484"

bplist-creator@0.0.7:
  version "0.0.7"
  resolved "https://registry.yarnpkg.com/bplist-creator/-/bplist-creator-0.0.7.tgz#37df1536092824b87c42f957b01344117372ae45"
  dependencies:
    stream-buffers "~2.2.0"

bplist-parser@0.1.1:
  version "0.1.1"
  resolved "https://registry.yarnpkg.com/bplist-parser/-/bplist-parser-0.1.1.tgz#d60d5dcc20cba6dc7e1f299b35d3e1f95dafbae6"
  dependencies:
    big-integer "^1.6.7"

debug@^3.1.0:
  version "3.1.0"
  resolved "https://registry.yarnpkg.com/debug/-/debug-3.1.0.tgz#5bb5a0672628b64149566ba16819e61518c67261"
  dependencies:
    ms "2.0.0"

decompress-response@^3.2.0:
  version "3.3.0"
  resolved "https://registry.yarnpkg.com/decompress-response/-/decompress-response-3.3.0.tgz#80a4dd323748384bfa248083622aedec982adff3"
  dependencies:
    mimic-response "^1.0.0"

duplexer3@^0.1.4:
  version "0.1.4"
  resolved "https://registry.yarnpkg.com/duplexer3/-/duplexer3-0.1.4.tgz#ee01dd1cac0ed3cbc7fdbea37dc0a8f1ce002ce2"

end-of-stream@^1.1.0:
  version "1.4.1"
  resolved "https://registry.yarnpkg.com/end-of-stream/-/end-of-stream-1.4.1.tgz#ed29634d19baba463b6ce6b80a37213eab71ec43"
  dependencies:
    once "^1.4.0"

fastfall@^1.5.1:
  version "1.5.1"
  resolved "https://registry.yarnpkg.com/fastfall/-/fastfall-1.5.1.tgz#3fee03331a49d1d39b3cdf7a5e9cd66f475e7b94"
  dependencies:
    reusify "^1.0.0"

follow-redirects@^1.3.0:
  version "1.5.2"
  resolved "https://registry.yarnpkg.com/follow-redirects/-/follow-redirects-1.5.2.tgz#5a9d80e0165957e5ef0c1210678fc5c4acb9fb03"
  dependencies:
    debug "^3.1.0"

get-stream@^3.0.0:
  version "3.0.0"
  resolved "https://registry.yarnpkg.com/get-stream/-/get-stream-3.0.0.tgz#8e943d1358dc37555054ecbe2edb05aa174ede14"

got@^7.0.0:
  version "7.1.0"
  resolved "https://registry.yarnpkg.com/got/-/got-7.1.0.tgz#05450fd84094e6bbea56f451a43a9c289166385a"
  dependencies:
    decompress-response "^3.2.0"
    duplexer3 "^0.1.4"
    get-stream "^3.0.0"
    is-plain-obj "^1.1.0"
    is-retry-allowed "^1.0.0"
    is-stream "^1.0.0"
    isurl "^1.0.0-alpha5"
    lowercase-keys "^1.0.0"
    p-cancelable "^0.3.0"
    p-timeout "^1.1.1"
    safe-buffer "^5.0.1"
    timed-out "^4.0.0"
    url-parse-lax "^1.0.0"
    url-to-options "^1.0.1"

has-symbol-support-x@^1.4.1:
  version "1.4.2"
  resolved "https://registry.yarnpkg.com/has-symbol-support-x/-/has-symbol-support-x-1.4.2.tgz#1409f98bc00247da45da67cee0a36f282ff26455"

has-to-string-tag-x@^1.2.0:
  version "1.4.1"
  resolved "https://registry.yarnpkg.com/has-to-string-tag-x/-/has-to-string-tag-x-1.4.1.tgz#a045ab383d7b4b2012a00148ab0aa5f290044d4d"
  dependencies:
    has-symbol-support-x "^1.4.1"

is-buffer@^1.1.5:
  version "1.1.6"
  resolved "https://registry.yarnpkg.com/is-buffer/-/is-buffer-1.1.6.tgz#efaa2ea9daa0d7ab2ea13a97b2b8ad51fefbe8be"

is-object@^1.0.1:
  version "1.0.1"
  resolved "https://registry.yarnpkg.com/is-object/-/is-object-1.0.1.tgz#8952688c5ec2ffd6b03ecc85e769e02903083470"

is-plain-obj@^1.1.0:
  version "1.1.0"
  resolved "https://registry.yarnpkg.com/is-plain-obj/-/is-plain-obj-1.1.0.tgz#71a50c8429dfca773c92a390a4a03b39fcd51d3e"

is-retry-allowed@^1.0.0:
  version "1.1.0"
  resolved "https://registry.yarnpkg.com/is-retry-allowed/-/is-retry-allowed-1.1.0.tgz#11a060568b67339444033d0125a61a20d564fb34"

is-stream@^1.0.0:
  version "1.1.0"
  resolved "https://registry.yarnpkg.com/is-stream/-/is-stream-1.1.0.tgz#12d4a3dd4e68e0b79ceb8dbc84173ae80d91ca44"

isurl@^1.0.0-alpha5:
  version "1.0.0"
  resolved "https://registry.yarnpkg.com/isurl/-/isurl-1.0.0.tgz#b27f4f49f3cdaa3ea44a0a5b7f3462e6edc39d67"
  dependencies:
    has-to-string-tag-x "^1.2.0"
    is-object "^1.0.1"

"js-tokens@^3.0.0 || ^4.0.0":
  version "4.0.0"
  resolved "https://registry.yarnpkg.com/js-tokens/-/js-tokens-4.0.0.tgz#19203fb59991df98e3a287050d4647cdeaf32499"

loose-envify@^1.3.1:
  version "1.4.0"
  resolved "https://registry.yarnpkg.com/loose-envify/-/loose-envify-1.4.0.tgz#71ee51fa7be4caec1a63839f7e682d8132d30caf"
  dependencies:
    js-tokens "^3.0.0 || ^4.0.0"

lowercase-keys@^1.0.0:
  version "1.0.1"
  resolved "https://registry.yarnpkg.com/lowercase-keys/-/lowercase-keys-1.0.1.tgz#6f9e30b47084d971a7c820ff15a6c5167b74c26f"

mimic-response@^1.0.0:
  version "1.0.1"
  resolved "https://registry.yarnpkg.com/mimic-response/-/mimic-response-1.0.1.tgz#4923538878eef42063cb8a3e3b0798781487ab1b"

ms@2.0.0:
  version "2.0.0"
  resolved "https://registry.yarnpkg.com/ms/-/ms-2.0.0.tgz#5608aeadfc00be6c2901df5f9861788de0d597c8"

object-assign@^4.1.1:
  version "4.1.1"
  resolved "https://registry.yarnpkg.com/object-assign/-/object-assign-4.1.1.tgz#2109adc7965887cfc05cbbd442cac8bfbb360863"

once@^1.3.1, once@^1.4.0:
  version "1.4.0"
  resolved "https://registry.yarnpkg.com/once/-/once-1.4.0.tgz#583b1aa775961d4b113ac17d9c50baef9dd76bd1"
  dependencies:
    wrappy "1"

p-cancelable@^0.3.0:
  version "0.3.0"
  resolved "https://registry.yarnpkg.com/p-cancelable/-/p-cancelable-0.3.0.tgz#b9e123800bcebb7ac13a479be195b507b98d30fa"

p-finally@^1.0.0:
  version "1.0.0"
  resolved "https://registry.yarnpkg.com/p-finally/-/p-finally-1.0.0.tgz#3fbcfb15b899a44123b34b6dcc18b724336a2cae"

p-timeout@^1.1.1:
  version "1.2.1"
  resolved "https://registry.yarnpkg.com/p-timeout/-/p-timeout-1.2.1.tgz#5eb3b353b7fce99f101a1038880bb054ebbea386"
  dependencies:
    p-finally "^1.0.0"

pegjs@^0.10.0:
  version "0.10.0"
  resolved "https://registry.yarnpkg.com/pegjs/-/pegjs-0.10.0.tgz#cf8bafae6eddff4b5a7efb185269eaaf4610ddbd"

plist@2.0.1:
  version "2.0.1"
  resolved "https://registry.yarnpkg.com/plist/-/plist-2.0.1.tgz#0a32ca9481b1c364e92e18dc55c876de9d01da8b"
  dependencies:
    base64-js "1.1.2"
    xmlbuilder "8.2.2"
    xmldom "0.1.x"

plist@^2.1.0:
  version "2.1.0"
  resolved "https://registry.yarnpkg.com/plist/-/plist-2.1.0.tgz#57ccdb7a0821df21831217a3cad54e3e146a1025"
  dependencies:
    base64-js "1.2.0"
    xmlbuilder "8.2.2"
    xmldom "0.1.x"

prepend-http@^1.0.1:
  version "1.0.4"
  resolved "https://registry.yarnpkg.com/prepend-http/-/prepend-http-1.0.4.tgz#d4f4562b0ce3696e41ac52d0e002e57a635dc6dc"

progress@^2.0.0:
  version "2.0.0"
  resolved "https://registry.yarnpkg.com/progress/-/progress-2.0.0.tgz#8a1be366bf8fc23db2bd23f10c6fe920b4389d1f"

prop-types@^15.5.10, prop-types@^15.6.1:
  version "15.6.2"
  resolved "https://registry.yarnpkg.com/prop-types/-/prop-types-15.6.2.tgz#05d5ca77b4453e985d60fc7ff8c859094a497102"
  dependencies:
    loose-envify "^1.3.1"
    object-assign "^4.1.1"

pump@^1.0.2:
  version "1.0.3"
  resolved "https://registry.yarnpkg.com/pump/-/pump-1.0.3.tgz#5dfe8311c33bbf6fc18261f9f34702c47c08a954"
  dependencies:
    end-of-stream "^1.1.0"
    once "^1.3.1"

react-native-animatable@^1.2.4:
  version "1.3.0"
  resolved "https://registry.yarnpkg.com/react-native-animatable/-/react-native-animatable-1.3.0.tgz#b5c3940fc758cfd9b2fe54613a457c4b6962b46e"
  dependencies:
    prop-types "^15.5.10"

react-native-fbsdk@^0.7.0:
  version "0.7.0"
  resolved "https://registry.yarnpkg.com/react-native-fbsdk/-/react-native-fbsdk-0.7.0.tgz#263dfe5845205de7b80efb0f18ed5c1ded025291"
  dependencies:
    adm-zip "^0.4.7"
    fastfall "^1.5.1"
    got "^7.0.0"
    plist "^2.1.0"
    progress "^2.0.0"
    pump "^1.0.2"
    xcode "^0.9.3"

react-native-google-signin@^1.0.0-rc2:
  version "1.0.0-rc2"
  resolved "https://registry.yarnpkg.com/react-native-google-signin/-/react-native-google-signin-1.0.0-rc2.tgz#822485ea958b9bfbbd795a52c6efb00076efa6be"

react-native-modal@^5.0.0:
  version "5.4.0"
  resolved "https://registry.yarnpkg.com/react-native-modal/-/react-native-modal-5.4.0.tgz#95f70b5d68e08824951cd11038b9db2d6fdb9962"
  dependencies:
    prop-types "^15.6.1"
    react-native-animatable "^1.2.4"

reusify@^1.0.0:
  version "1.0.4"
  resolved "https://registry.yarnpkg.com/reusify/-/reusify-1.0.4.tgz#90da382b1e126efc02146e90845a88db12925d76"

safe-buffer@^5.0.1:
  version "5.1.2"
  resolved "https://registry.yarnpkg.com/safe-buffer/-/safe-buffer-5.1.2.tgz#991ec69d296e0313747d59bdfd2b745c35f8828d"

simple-plist@^0.2.1:
  version "0.2.1"
  resolved "https://registry.yarnpkg.com/simple-plist/-/simple-plist-0.2.1.tgz#71766db352326928cf3a807242ba762322636723"
  dependencies:
    bplist-creator "0.0.7"
    bplist-parser "0.1.1"
    plist "2.0.1"

stream-buffers@~2.2.0:
  version "2.2.0"
  resolved "https://registry.yarnpkg.com/stream-buffers/-/stream-buffers-2.2.0.tgz#91d5f5130d1cef96dcfa7f726945188741d09ee4"

timed-out@^4.0.0:
  version "4.0.1"
  resolved "https://registry.yarnpkg.com/timed-out/-/timed-out-4.0.1.tgz#f32eacac5a175bea25d7fab565ab3ed8741ef56f"

url-parse-lax@^1.0.0:
  version "1.0.0"
  resolved "https://registry.yarnpkg.com/url-parse-lax/-/url-parse-lax-1.0.0.tgz#7af8f303645e9bd79a272e7a14ac68bc0609da73"
  dependencies:
    prepend-http "^1.0.1"

url-to-options@^1.0.1:
  version "1.0.1"
  resolved "https://registry.yarnpkg.com/url-to-options/-/url-to-options-1.0.1.tgz#1505a03a289a48cbd7a434efbaeec5055f5633a9"

uuid@3.0.1:
  version "3.0.1"
  resolved "https://registry.yarnpkg.com/uuid/-/uuid-3.0.1.tgz#6544bba2dfda8c1cf17e629a3a305e2bb1fee6c1"

wrappy@1:
  version "1.0.2"
  resolved "https://registry.yarnpkg.com/wrappy/-/wrappy-1.0.2.tgz#b5243d8f3ec1aa35f1364605bc0d1036e30ab69f"

xcode@^0.9.3:
  version "0.9.3"
  resolved "https://registry.yarnpkg.com/xcode/-/xcode-0.9.3.tgz#910a89c16aee6cc0b42ca805a6d0b4cf87211cf3"
  dependencies:
    pegjs "^0.10.0"
    simple-plist "^0.2.1"
    uuid "3.0.1"

xmlbuilder@8.2.2:
  version "8.2.2"
  resolved "https://registry.yarnpkg.com/xmlbuilder/-/xmlbuilder-8.2.2.tgz#69248673410b4ba42e1a6136551d2922335aa773"

xmldom@0.1.x:
  version "0.1.27"
  resolved "https://registry.yarnpkg.com/xmldom/-/xmldom-0.1.27.tgz#d501f97b3bdb403af8ef9ecc20573187aadac0e9"
